// !$*UTF8*$!
{
	archiveVersion = 1;
	classes = {
	};
	objectVersion = 77;
	objects = {

/* Begin PBXContainerItemProxy section */
		8093C58A2FA2856800AD0F4A /* PBXContainerItemProxy */ = {
			isa = PBXContainerItemProxy;
			containerPortal = 8093C5702FA2856700AD0F4A /* Project object */;
			proxyType = 1;
			remoteGlobalIDString = 8093C5772FA2856700AD0F4A;
			remoteInfo = PressureMonitor;
		};
		8093C5942FA2856800AD0F4A /* PBXContainerItemProxy */ = {
			isa = PBXContainerItemProxy;
			containerPortal = 8093C5702FA2856700AD0F4A /* Project object */;
			proxyType = 1;
			remoteGlobalIDString = 8093C5772FA2856700AD0F4A;
			remoteInfo = PressureMonitor;
		};
/* End PBXContainerItemProxy section */

/* Begin PBXFileReference section */
		8093C5782FA2856700AD0F4A /* PressureMonitor.app */ = {isa = PBXFileReference; explicitFileType = wrapper.application; includeInIndex = 0; path = PressureMonitor.app; sourceTree = BUILT_PRODUCTS_DIR; };
		8093C5892FA2856800AD0F4A /* PressureMonitorTests.xctest */ = {isa = PBXFileReference; explicitFileType = wrapper.cfbundle; includeInIndex = 0; path = PressureMonitorTests.xctest; sourceTree = BUILT_PRODUCTS_DIR; };
		8093C5932FA2856800AD0F4A /* PressureMonitorUITests.xctest */ = {isa = PBXFileReference; explicitFileType = wrapper.cfbundle; includeInIndex = 0; path = PressureMonitorUITests.xctest; sourceTree = BUILT_PRODUCTS_DIR; };
/* End PBXFileReference section */

/* Begin PBXFileSystemSynchronizedRootGroup section */
		8093C57A2FA2856700AD0F4A /* PressureMonitor */ = {
			isa = PBXFileSystemSynchronizedRootGroup;
			path = PressureMonitor;
			sourceTree = "<group>";
		};
		8093C58C2FA2856800AD0F4A /* PressureMonitorTests */ = {
			isa = PBXFileSystemSynchronizedRootGroup;
			path = PressureMonitorTests;
			sourceTree = "<group>";
		};
		8093C5962FA2856800AD0F4A /* PressureMonitorUITests */ = {
			isa = PBXFileSystemSynchronizedRootGroup;
			path = PressureMonitorUITests;
			sourceTree = "<group>";
		};
/* End PBXFileSystemSynchronizedRootGroup section */

/* Begin PBXFrameworksBuildPhase section */
		8093C5752FA2856700AD0F4A /* Frameworks */ = {
			isa = PBXFrameworksBuildPhase;
			buildActionMask = 2147483647;
			files = (
			);
			runOnlyForDeploymentPostprocessing = 0;
		};
		8093C5862FA2856800AD0F4A /* Frameworks */ = {
			isa = PBXFrameworksBuildPhase;
			buildActionMask = 2147483647;
			files = (
			);
			runOnlyForDeploymentPostprocessing = 0;
		};
		8093C5902FA2856800AD0F4A /* Frameworks */ = {
			isa = PBXFrameworksBuildPhase;
			buildActionMask = 2147483647;
			files = (
			);
			runOnlyForDeploymentPostprocessing = 0;
		};
/* End PBXFrameworksBuildPhase section */

/* Begin PBXGroup section */
		8093C56F2FA2856700AD0F4A = {
			isa = PBXGroup;
			children = (
				8093C57A2FA2856700AD0F4A /* PressureMonitor */,
				8093C58C2FA2856800AD0F4A /* PressureMonitorTests */,
				8093C5962FA2856800AD0F4A /* PressureMonitorUITests */,
				8093C5792FA2856700AD0F4A /* Products */,
			);
			sourceTree = "<group>";
		};
		8093C5792FA2856700AD0F4A /* Products */ = {
			isa = PBXGroup;
			children = (
				8093C5782FA2856700AD0F4A /* PressureMonitor.app */,
				8093C5892FA2856800AD0F4A /* PressureMonitorTests.xctest */,
				8093C5932FA2856800AD0F4A /* PressureMonitorUITests.xctest */,
			);
			name = Products;
			sourceTree = "<group>";
		};
/* End PBXGroup section */

/* Begin PBXNativeTarget section */
		8093C5772FA2856700AD0F4A /* PressureMonitor */ = {
			isa = PBXNativeTarget;
			buildConfigurationList = 8093C59D2FA2856800AD0F4A /* Build configuration list for PBXNativeTarget "PressureMonitor" */;
			buildPhases = (
				8093C5742FA2856700AD0F4A /* Sources */,
				8093C5752FA2856700AD0F4A /* Frameworks */,
				8093C5762FA2856700AD0F4A /* Resources */,
			);
			buildRules = (
			);
			dependencies = (
			);
			fileSystemSynchronizedGroups = (
				8093C57A2FA2856700AD0F4A /* PressureMonitor */,
			);
			name = PressureMonitor;
			packageProductDependencies = (
			);
			productName = PressureMonitor;
			productReference = 8093C5782FA2856700AD0F4A /* PressureMonitor.app */;
			productType = "com.apple.product-type.application";
		};
		8093C5882FA2856800AD0F4A /* PressureMonitorTests */ = {
			isa = PBXNativeTarget;
			buildConfigurationList = 8093C5A02FA2856800AD0F4A /* Build configuration list for PBXNativeTarget "PressureMonitorTests" */;
			buildPhases = (
				8093C5852FA2856800AD0F4A /* Sources */,
				8093C5862FA2856800AD0F4A /* Frameworks */,
				8093C5872FA2856800AD0F4A /* Resources */,
			);
			buildRules = (
			);
			dependencies = (
				8093C58B2FA2856800AD0F4A /* PBXTargetDependency */,
			);
			fileSystemSynchronizedGroups = (
				8093C58C2FA2856800AD0F4A /* PressureMonitorTests */,
			);
			name = PressureMonitorTests;
			packageProductDependencies = (
			);
			productName = PressureMonitorTests;
			productReference = 8093C5892FA2856800AD0F4A /* PressureMonitorTests.xctest */;
			productType = "com.apple.product-type.bundle.unit-test";
		};
		8093C5922FA2856800AD0F4A /* PressureMonitorUITests */ = {
			isa = PBXNativeTarget;
			buildConfigurationList = 8093C5A32FA2856800AD0F4A /* Build configuration list for PBXNativeTarget "PressureMonitorUITests" */;
			buildPhases = (
				8093C58F2FA2856800AD0F4A /* Sources */,
				8093C5902FA2856800AD0F4A /* Frameworks */,
				8093C5912FA2856800AD0F4A /* Resources */,
			);
			buildRules = (
			);
			dependencies = (
				8093C5952FA2856800AD0F4A /* PBXTargetDependency */,
			);
			fileSystemSynchronizedGroups = (
				8093C5962FA2856800AD0F4A /* PressureMonitorUITests */,
			);
			name = PressureMonitorUITests;
			packageProductDependencies = (
			);
			productName = PressureMonitorUITests;
			productReference = 8093C5932FA2856800AD0F4A /* PressureMonitorUITests.xctest */;
			productType = "com.apple.product-type.bundle.ui-testing";
		};
/* End PBXNativeTarget section */

/* Begin PBXProject section */
		8093C5702FA2856700AD0F4A /* Project object */ = {
			isa = PBXProject;
			attributes = {
				BuildIndependentTargetsInParallel = 1;
				LastSwiftUpdateCheck = 1610;
				LastUpgradeCheck = 1610;
				TargetAttributes = {
					8093C5772FA2856700AD0F4A = {
						CreatedOnToolsVersion = 16.1;
						LastSwiftMigration = 1610;
					};
					8093C5882FA2856800AD0F4A = {
						CreatedOnToolsVersion = 16.1;
						TestTargetID = 8093C5772FA2856700AD0F4A;
					};
					8093C5922FA2856800AD0F4A = {
						CreatedOnToolsVersion = 16.1;
						TestTargetID = 8093C5772FA2856700AD0F4A;
					};
				};
			};
			buildConfigurationList = 8093C5732FA2856700AD0F4A /* Build configuration list for PBXProject "PressureMonitor" */;
			developmentRegion = en;
			hasScannedForEncodings = 0;
			knownRegions = (
				en,
				Base,
			);
			mainGroup = 8093C56F2FA2856700AD0F4A;
			minimizedProjectReferenceProxies = 1;
			preferredProjectObjectVersion = 77;
			productRefGroup = 8093C5792FA2856700AD0F4A /* Products */;
			projectDirPath = "";
			projectRoot = "";
			targets = (
				8093C5772FA2856700AD0F4A /* PressureMonitor */,
				8093C5882FA2856800AD0F4A /* PressureMonitorTests */,
				8093C5922FA2856800AD0F4A /* PressureMonitorUITests */,
			);
		};
/* End PBXProject section */

/* Begin PBXResourcesBuildPhase section */
		8093C5762FA2856700AD0F4A /* Resources */ = {
			isa = PBXResourcesBuildPhase;
			buildActionMask = 2147483647;
			files = (
			);
			runOnlyForDeploymentPostprocessing = 0;
		};
		8093C5872FA2856800AD0F4A /* Resources */ = {
			isa = PBXResourcesBuildPhase;
			buildActionMask = 2147483647;
			files = (
			);
			runOnlyForDeploymentPostprocessing = 0;
		};
		8093C5912FA2856800AD0F4A /* Resources */ = {
			isa = PBXResourcesBuildPhase;
			buildActionMask = 2147483647;
			files = (
			);
			runOnlyForDeploymentPostprocessing = 0;
		};
/* End PBXResourcesBuildPhase section */

/* Begin PBXSourcesBuildPhase section */
		8093C5742FA2856700AD0F4A /* Sources */ = {
			isa = PBXSourcesBuildPhase;
			buildActionMask = 2147483647;
			files = (
			);
			runOnlyForDeploymentPostprocessing = 0;
		};
		8093C5852FA2856800AD0F4A /* Sources */ = {
			isa = PBXSourcesBuildPhase;
			buildActionMask = 2147483647;
			files = (
			);
			runOnlyForDeploymentPostprocessing = 0;
		};
		8093C58F2FA2856800AD0F4A /* Sources */ = {
			isa = PBXSourcesBuildPhase;
			buildActionMask = 2147483647;
			files = (
			);
			runOnlyForDeploymentPostprocessing = 0;
		};
/* End PBXSourcesBuildPhase section */

/* Begin PBXTargetDependency section */
		8093C58B2FA2856800AD0F4A /* PBXTargetDependency */ = {
			isa = PBXTargetDependency;
			target = 8093C5772FA2856700AD0F4A /* PressureMonitor */;
			targetProxy = 8093C58A2FA2856800AD0F4A /* PBXContainerItemProxy */;
		};
		8093C5952FA2856800AD0F4A /* PBXTargetDependency */ = {
			isa = PBXTargetDependency;
			target = 8093C5772FA2856700AD0F4A /* PressureMonitor */;
			targetProxy = 8093C5942FA2856800AD0F4A /* PBXContainerItemProxy */;
		};
/* End PBXTargetDependency section */

/* Begin XCBuildConfiguration section */
		8093C59B2FA2856800AD0F4A /* Debug */ = {
			isa = XCBuildConfiguration;
			buildSettings = {
				ALWAYS_SEARCH_USER_PATHS = NO;
				ASSETCATALOG_COMPILER_GENERATE_SWIFT_ASSET_SYMBOL_EXTENSIONS = YES;
				CLANG_ANALYZER_NONNULL = YES;
				CLANG_ANALYZER_NUMBER_OBJECT_CONVERSION = YES_AGGRESSIVE;
				CLANG_CXX_LANGUAGE_STANDARD = "gnu++20";
				CLANG_ENABLE_MODULES = YES;
				CLANG_ENABLE_OBJC_ARC = YES;
				CLANG_ENABLE_OBJC_WEAK = YES;
				CLANG_WARN_BLOCK_CAPTURE_AUTORELEASING = YES;
				CLANG_WARN_BOOL_CONVERSION = YES;
				CLANG_WARN_COMMA = YES;
				CLANG_WARN_CONSTANT_CONVERSION = YES;
				CLANG_WARN_DEPRECATED_OBJC_IMPLEMENTATIONS = YES;
				CLANG_WARN_DIRECT_OBJC_ISA_USAGE = YES_ERROR;
				CLANG_WARN_DOCUMENTATION_COMMENTS = YES;
				CLANG_WARN_EMPTY_BODY = YES;
				CLANG_WARN_ENUM_CONVERSION = YES;
				CLANG_WARN_INFINITE_RECURSION = YES;
				CLANG_WARN_INT_CONVERSION = YES;
				CLANG_WARN_NON_LITERAL_NULL_CONVERSION = YES;
				CLANG_WARN_OBJC_IMPLICIT_RETAIN_SELF = YES;
				CLANG_WARN_OBJC_LITERAL_CONVERSION = YES;
				CLANG_WARN_OBJC_ROOT_CLASS = YES_ERROR;
				CLANG_WARN_QUOTED_INCLUDE_IN_FRAMEWORK_HEADER = YES;
				CLANG_WARN_RANGE_LOOP_ANALYSIS = YES;
				CLANG_WARN_STRICT_PROTOTYPES = YES;
				CLANG_WARN_SUSPICIOUS_MOVE = YES;
				CLANG_WARN_UNGUARDED_AVAILABILITY = YES_AGGRESSIVE;
				CLANG_WARN_UNREACHABLE_CODE = YES;
				CLANG_WARN__DUPLICATE_METHOD_MATCH = YES;
				COPY_PHASE_STRIP = NO;
				DEBUG_INFORMATION_FORMAT = dwarf;
				ENABLE_STRICT_OBJC_MSGSEND = YES;
				ENABLE_TESTABILITY = YES;
				ENABLE_USER_SCRIPT_SANDBOXING = YES;
				GCC_C_LANGUAGE_STANDARD = gnu17;
				GCC_DYNAMIC_NO_PIC = NO;
				GCC_NO_COMMON_BLOCKS = YES;
				GCC_OPTIMIZATION_LEVEL = 0;
				GCC_PREPROCESSOR_DEFINITIONS = (
					"DEBUG=1",
					"$(inherited)",
				);
				GCC_WARN_64_TO_32_BIT_CONVERSION = YES;
				GCC_WARN_ABOUT_RETURN_TYPE = YES_ERROR;
				GCC_WARN_UNDECLARED_SELECTOR = YES;
				GCC_WARN_UNINITIALIZED_AUTOS = YES_AGGRESSIVE;
				GCC_WARN_UNUSED_FUNCTION = YES;
				GCC_WARN_UNUSED_VARIABLE = YES;
				LOCALIZATION_PREFERS_STRING_CATALOGS = YES;
				MACOSX_DEPLOYMENT_TARGET = 15.1;
				MTL_ENABLE_DEBUG_INFO = INCLUDE_SOURCE;
				MTL_FAST_MATH = YES;
				ONLY_ACTIVE_ARCH = YES;
				SDKROOT = macosx;
				SWIFT_ACTIVE_COMPILATION_CONDITIONS = "DEBUG $(inherited)";
				SWIFT_OPTIMIZATION_LEVEL = "-Onone";
			};
			name = Debug;
		};
		8093C59C2FA2856800AD0F4A /* Release */ = {
			isa = XCBuildConfiguration;
			buildSettings = {
				ALWAYS_SEARCH_USER_PATHS = NO;
				ASSETCATALOG_COMPILER_GENERATE_SWIFT_ASSET_SYMBOL_EXTENSIONS = YES;
				CLANG_ANALYZER_NONNULL = YES;
				CLANG_ANALYZER_NUMBER_OBJECT_CONVERSION = YES_AGGRESSIVE;
				CLANG_CXX_LANGUAGE_STANDARD = "gnu++20";
				CLANG_ENABLE_MODULES = YES;
				CLANG_ENABLE_OBJC_ARC = YES;
				CLANG_ENABLE_OBJC_WEAK = YES;
				CLANG_WARN_BLOCK_CAPTURE_AUTORELEASING = YES;
				CLANG_WARN_BOOL_CONVERSION = YES;
				CLANG_WARN_COMMA = YES;
				CLANG_WARN_CONSTANT_CONVERSION = YES;
				CLANG_WARN_DEPRECATED_OBJC_IMPLEMENTATIONS = YES;
				CLANG_WARN_DIRECT_OBJC_ISA_USAGE = YES_ERROR;
				CLANG_WARN_DOCUMENTATION_COMMENTS = YES;
				CLANG_WARN_EMPTY_BODY = YES;
				CLANG_WARN_ENUM_CONVERSION = YES;
				CLANG_WARN_INFINITE_RECURSION = YES;
				CLANG_WARN_INT_CONVERSION = YES;
				CLANG_WARN_NON_LITERAL_NULL_CONVERSION = YES;
				CLANG_WARN_OBJC_IMPLICIT_RETAIN_SELF = YES;
				CLANG_WARN_OBJC_LITERAL_CONVERSION = YES;
				CLANG_WARN_OBJC_ROOT_CLASS = YES_ERROR;
				CLANG_WARN_QUOTED_INCLUDE_IN_FRAMEWORK_HEADER = YES;
				CLANG_WARN_RANGE_LOOP_ANALYSIS = YES;
				CLANG_WARN_STRICT_PROTOTYPES = YES;
				CLANG_WARN_SUSPICIOUS_MOVE = YES;
				CLANG_WARN_UNGUARDED_AVAILABILITY = YES_AGGRESSIVE;
				CLANG_WARN_UNREACHABLE_CODE = YES;
				CLANG_WARN__DUPLICATE_METHOD_MATCH = YES;
				COPY_PHASE_STRIP = NO;
				DEBUG_INFORMATION_FORMAT = "dwarf-with-dsym";
				ENABLE_NS_ASSERTIONS = NO;
				ENABLE_STRICT_OBJC_MSGSEND = YES;
				ENABLE_USER_SCRIPT_SANDBOXING = YES;
				GCC_C_LANGUAGE_STANDARD = gnu17;
				GCC_NO_COMMON_BLOCKS = YES;
				GCC_WARN_64_TO_32_BIT_CONVERSION = YES;
				GCC_WARN_ABOUT_RETURN_TYPE = YES_ERROR;
				GCC_WARN_UNDECLARED_SELECTOR = YES;
				GCC_WARN_UNINITIALIZED_AUTOS = YES_AGGRESSIVE;
				GCC_WARN_UNUSED_FUNCTION = YES;
				GCC_WARN_UNUSED_VARIABLE = YES;
				LOCALIZATION_PREFERS_STRING_CATALOGS = YES;
				MACOSX_DEPLOYMENT_TARGET = 15.1;
				MTL_ENABLE_DEBUG_INFO = NO;
				MTL_FAST_MATH = YES;
				SDKROOT = macosx;
				SWIFT_COMPILATION_MODE = wholemodule;
			};
			name = Release;
		};
		8093C59E2FA2856800AD0F4A /* Debug */ = {
			isa = XCBuildConfiguration;
			buildSettings = {
				ASSETCATALOG_COMPILER_APPICON_NAME = AppIcon;
				ASSETCATALOG_COMPILER_GLOBAL_ACCENT_COLOR_NAME = AccentColor;
				CLANG_ENABLE_MODULES = YES;
				CODE_SIGN_ENTITLEMENTS = PressureMonitor/PressureMonitor.entitlements;
				CODE_SIGN_STYLE = Automatic;
				COMBINE_HIDPI_IMAGES = YES;
				CURRENT_PROJECT_VERSION = 1;
				DEVELOPMENT_ASSET_PATHS = "\"PressureMonitor/Preview Content\"";
				ENABLE_PREVIEWS = YES;
				GENERATE_INFOPLIST_FILE = YES;
				INFOPLIST_KEY_NSHumanReadableCopyright = "";
				LD_RUNPATH_SEARCH_PATHS = (
					"$(inherited)",
					"@executable_path/../Frameworks",
				);
				MACOSX_DEPLOYMENT_TARGET = 14.0;
				MARKETING_VERSION = 1.0;
				PRODUCT_BUNDLE_IDENTIFIER = com.bobotjones.PressureMonitor.PressureMonitor;
				PRODUCT_NAME = "$(TARGET_NAME)";
				SWIFT_EMIT_LOC_STRINGS = YES;
				SWIFT_OPTIMIZATION_LEVEL = "-Onone";
				SWIFT_VERSION = 5.0;
			};
			name = Debug;
		};
		8093C59F2FA2856800AD0F4A /* Release */ = {
			isa = XCBuildConfiguration;
			buildSettings = {
				ASSETCATALOG_COMPILER_APPICON_NAME = AppIcon;
				ASSETCATALOG_COMPILER_GLOBAL_ACCENT_COLOR_NAME = AccentColor;
				CLANG_ENABLE_MODULES = YES;
				CODE_SIGN_ENTITLEMENTS = PressureMonitor/PressureMonitor.entitlements;
				CODE_SIGN_STYLE = Automatic;
				COMBINE_HIDPI_IMAGES = YES;
				CURRENT_PROJECT_VERSION = 1;
				DEVELOPMENT_ASSET_PATHS = "\"PressureMonitor/Preview Content\"";
				ENABLE_PREVIEWS = YES;
				GENERATE_INFOPLIST_FILE = YES;
				INFOPLIST_KEY_NSHumanReadableCopyright = "";
				LD_RUNPATH_SEARCH_PATHS = (
					"$(inherited)",
					"@executable_path/../Frameworks",
				);
				MACOSX_DEPLOYMENT_TARGET = 14.0;
				MARKETING_VERSION = 1.0;
				PRODUCT_BUNDLE_IDENTIFIER = com.bobotjones.PressureMonitor.PressureMonitor;
				PRODUCT_NAME = "$(TARGET_NAME)";
				SWIFT_EMIT_LOC_STRINGS = YES;
				SWIFT_VERSION = 5.0;
			};
			name = Release;
		};
		8093C5A12FA2856800AD0F4A /* Debug */ = {
			isa = XCBuildConfiguration;
			buildSettings = {
				BUNDLE_LOADER = "$(TEST_HOST)";
				CODE_SIGN_STYLE = Automatic;
				CURRENT_PROJECT_VERSION = 1;
				GENERATE_INFOPLIST_FILE = YES;
				MACOSX_DEPLOYMENT_TARGET = 15.1;
				MARKETING_VERSION = 1.0;
				PRODUCT_BUNDLE_IDENTIFIER = com.bobotjones.PressureMonitor.PressureMonitorTests;
				PRODUCT_NAME = "$(TARGET_NAME)";
				SWIFT_EMIT_LOC_STRINGS = NO;
				SWIFT_VERSION = 5.0;
				TEST_HOST = "$(BUILT_PRODUCTS_DIR)/PressureMonitor.app/$(BUNDLE_EXECUTABLE_FOLDER_PATH)/PressureMonitor";
			};
			name = Debug;
		};
		8093C5A22FA2856800AD0F4A /* Release */ = {
			isa = XCBuildConfiguration;
			buildSettings = {
				BUNDLE_LOADER = "$(TEST_HOST)";
				CODE_SIGN_STYLE = Automatic;
				CURRENT_PROJECT_VERSION = 1;
				GENERATE_INFOPLIST_FILE = YES;
				MACOSX_DEPLOYMENT_TARGET = 15.1;
				MARKETING_VERSION = 1.0;
				PRODUCT_BUNDLE_IDENTIFIER = com.bobotjones.PressureMonitor.PressureMonitorTests;
				PRODUCT_NAME = "$(TARGET_NAME)";
				SWIFT_EMIT_LOC_STRINGS = NO;
				SWIFT_VERSION = 5.0;
				TEST_HOST = "$(BUILT_PRODUCTS_DIR)/PressureMonitor.app/$(BUNDLE_EXECUTABLE_FOLDER_PATH)/PressureMonitor";
			};
			name = Release;
		};
		8093C5A42FA2856800AD0F4A /* Debug */ = {
			isa = XCBuildConfiguration;
			buildSettings = {
				CODE_SIGN_STYLE = Automatic;
				CURRENT_PROJECT_VERSION = 1;
				GENERATE_INFOPLIST_FILE = YES;
				MARKETING_VERSION = 1.0;
				PRODUCT_BUNDLE_IDENTIFIER = com.bobotjones.PressureMonitor.PressureMonitorUITests;
				PRODUCT_NAME = "$(TARGET_NAME)";
				SWIFT_EMIT_LOC_STRINGS = NO;
				SWIFT_VERSION = 5.0;
				TEST_TARGET_NAME = PressureMonitor;
			};
			name = Debug;
		};
		8093C5A52FA2856800AD0F4A /* Release */ = {
			isa = XCBuildConfiguration;
			buildSettings = {
				CODE_SIGN_STYLE = Automatic;
				CURRENT_PROJECT_VERSION = 1;
				GENERATE_INFOPLIST_FILE = YES;
				MARKETING_VERSION = 1.0;
				PRODUCT_BUNDLE_IDENTIFIER = com.bobotjones.PressureMonitor.PressureMonitorUITests;
				PRODUCT_NAME = "$(TARGET_NAME)";
				SWIFT_EMIT_LOC_STRINGS = NO;
				SWIFT_VERSION = 5.0;
				TEST_TARGET_NAME = PressureMonitor;
			};
			name = Release;
		};
/* End XCBuildConfiguration section */

/* Begin XCConfigurationList section */
		8093C5732FA2856700AD0F4A /* Build configuration list for PBXProject "PressureMonitor" */ = {
			isa = XCConfigurationList;
			buildConfigurations = (
				8093C59B2FA2856800AD0F4A /* Debug */,
				8093C59C2FA2856800AD0F4A /* Release */,
			);
			defaultConfigurationIsVisible = 0;
			defaultConfigurationName = Release;
		};
		8093C59D2FA2856800AD0F4A /* Build configuration list for PBXNativeTarget "PressureMonitor" */ = {
			isa = XCConfigurationList;
			buildConfigurations = (
				8093C59E2FA2856800AD0F4A /* Debug */,
				8093C59F2FA2856800AD0F4A /* Release */,
			);
			defaultConfigurationIsVisible = 0;
			defaultConfigurationName = Release;
		};
		8093C5A02FA2856800AD0F4A /* Build configuration list for PBXNativeTarget "PressureMonitorTests" */ = {
			isa = XCConfigurationList;
			buildConfigurations = (
				8093C5A12FA2856800AD0F4A /* Debug */,
				8093C5A22FA2856800AD0F4A /* Release */,
			);
			defaultConfigurationIsVisible = 0;
			defaultConfigurationName = Release;
		};
		8093C5A32FA2856800AD0F4A /* Build configuration list for PBXNativeTarget "PressureMonitorUITests" */ = {
			isa = XCConfigurationList;
			buildConfigurations = (
				8093C5A42FA2856800AD0F4A /* Debug */,
				8093C5A52FA2856800AD0F4A /* Release */,
			);
			defaultConfigurationIsVisible = 0;
			defaultConfigurationName = Release;
		};
/* End XCConfigurationList section */
	};
	rootObject = 8093C5702FA2856700AD0F4A /* Project object */;
}
